
Microsoft Visual Studio Solution File, Format Version 12.00
# Visual Studio Version 16
VisualStudioVersion = 16.0.29709.97
MinimumVisualStudioVersion = 10.0.40219.1
Project("{9A19103F-16F7-4668-BE54-9A1E7A4F7556}") = "PF2E", "PF2E\PF2E.csproj", "{88F107A9-4EDC-4FFF-A3E0-50D4D8479AED}"
EndProject
Project("{FAE04EC0-301F-11D3-BF4B-00C04F79EFBC}") = "PF2ETests", "PF2ETests\PF2ETests.csproj", "{5BC5E7CD-AB82-4FF9-88BA-723F927F9111}"
EndProject
Global
	GlobalSection(SolutionConfigurationPlatforms) = preSolution
		Debug|Any CPU = Debug|Any CPU
		Debug|ARM = Debug|ARM
		Debug|iPhone = Debug|iPhone
		Debug|iPhoneSimulator = Debug|iPhoneSimulator
		Debug|x64 = Debug|x64
		Debug|x86 = Debug|x86
		Release|Any CPU = Release|Any CPU
		Release|ARM = Release|ARM
		Release|iPhone = Release|iPhone
		Release|iPhoneSimulator = Release|iPhoneSimulator
		Release|x64 = Release|x64
		Release|x86 = Release|x86
	EndGlobalSection
	GlobalSection(ProjectConfigurationPlatforms) = postSolution
		{88F107A9-4EDC-4FFF-A3E0-50D4D8479AED}.Debug|Any CPU.ActiveCfg = Debug|Any CPU
		{88F107A9-4EDC-4FFF-A3E0-50D4D8479AED}.Debug|Any CPU.Build.0 = Debug|Any CPU
		{88F107A9-4EDC-4FFF-A3E0-50D4D8479AED}.Debug|ARM.ActiveCfg = Debug|Any CPU
		{88F107A9-4EDC-4FFF-A3E0-50D4D8479AED}.Debug|ARM.Build.0 = Debug|Any CPU
		{88F107A9-4EDC-4FFF-A3E0-50D4D8479AED}.Debug|iPhone.ActiveCfg = Debug|Any CPU
		{88F107A9-4EDC-4FFF-A3E0-50D4D8479AED}.Debug|iPhone.Build.0 = Debug|Any CPU
		{88F107A9-4EDC-4FFF-A3E0-50D4D8479AED}.Debug|iPhoneSimulator.ActiveCfg = Debug|Any CPU
		{88F107A9-4EDC-4FFF-A3E0-50D4D8479AED}.Debug|iPhoneSimulator.Build.0 = Debug|Any CPU
		{88F107A9-4EDC-4FFF-A3E0-50D4D8479AED}.Debug|x64.ActiveCfg = Debug|Any CPU
		{88F107A9-4EDC-4FFF-A3E0-50D4D8479AED}.Debug|x64.Build.0 = Debug|Any CPU
		{88F107A9-4EDC-4FFF-A3E0-50D4D8479AED}.Debug|x86.ActiveCfg = Debug|Any CPU
		{88F107A9-4EDC-4FFF-A3E0-50D4D8479AED}.Debug|x86.Build.0 = Debug|Any CPU
		{88F107A9-4EDC-4FFF-A3E0-50D4D8479AED}.Release|Any CPU.ActiveCfg = Release|Any CPU
		{88F107A9-4EDC-4FFF-A3E0-50D4D8479AED}.Release|Any CPU.Build.0 = Release|Any CPU
		{88F107A9-4EDC-4FFF-A3E0-50D4D8479AED}.Release|ARM.ActiveCfg = Release|Any CPU
		{88F107A9-4EDC-4FFF-A3E0-50D4D8479AED}.Release|ARM.Build.0 = Release|Any CPU
		{88F107A9-4EDC-4FFF-A3E0-50D4D8479AED}.Release|iPhone.ActiveCfg = Release|Any CPU
		{88F107A9-4EDC-4FFF-A3E0-50D4D8479AED}.Release|iPhone.Build.0 = Release|Any CPU
		{88F107A9-4EDC-4FFF-A3E0-50D4D8479AED}.Release|iPhoneSimulator.ActiveCfg = Release|Any CPU
		{88F107A9-4EDC-4FFF-A3E0-50D4D8479AED}.Release|iPhoneSimulator.Build.0 = Release|Any CPU
		{88F107A9-4EDC-4FFF-A3E0-50D4D8479AED}.Release|x64.ActiveCfg = Release|Any CPU
		{88F107A9-4EDC-4FFF-A3E0-50D4D8479AED}.Release|x64.Build.0 = Release|Any CPU
		{88F107A9-4EDC-4FFF-A3E0-50D4D8479AED}.Release|x86.ActiveCfg = Release|Any CPU
		{88F107A9-4EDC-4FFF-A3E0-50D4D8479AED}.Release|x86.Build.0 = Release|Any CPU
		{5BC5E7CD-AB82-4FF9-88BA-723F927F9111}.Debug|Any CPU.ActiveCfg = Debug|Any CPU
		{5BC5E7CD-AB82-4FF9-88BA-723F927F9111}.Debug|Any CPU.Build.0 = Debug|Any CPU
		{5BC5E7CD-AB82-4FF9-88BA-723F927F9111}.Debug|ARM.ActiveCfg = Debug|Any CPU
		{5BC5E7CD-AB82-4FF9-88BA-723F927F9111}.Debug|ARM.Build.0 = Debug|Any CPU
		{5BC5E7CD-AB82-4FF9-88BA-723F927F9111}.Debug|iPhone.ActiveCfg = Debug|Any CPU
		{5BC5E7CD-AB82-4FF9-88BA-723F927F9111}.Debug|iPhone.Build.0 = Debug|Any CPU
		{5BC5E7CD-AB82-4FF9-88BA-723F927F9111}.Debug|iPhoneSimulator.ActiveCfg = Debug|Any CPU
		{5BC5E7CD-AB82-4FF9-88BA-723F927F9111}.Debug|iPhoneSimulator.Build.0 = Debug|Any CPU
		{5BC5E7CD-AB82-4FF9-88BA-723F927F9111}.Debug|x64.ActiveCfg = Debug|Any CPU
		{5BC5E7CD-AB82-4FF9-88BA-723F927F9111}.Debug|x64.Build.0 = Debug|Any CPU
		{5BC5E7CD-AB82-4FF9-88BA-723F927F9111}.Debug|x86.ActiveCfg = Debug|Any CPU
		{5BC5E7CD-AB82-4FF9-88BA-723F927F9111}.Debug|x86.Build.0 = Debug|Any CPU
		{5BC5E7CD-AB82-4FF9-88BA-723F927F9111}.Release|Any CPU.ActiveCfg = Release|Any CPU
		{5BC5E7CD-AB82-4FF9-88BA-723F927F9111}.Release|Any CPU.Build.0 = Release|Any CPU
		{5BC5E7CD-AB82-4FF9-88BA-723F927F9111}.Release|ARM.ActiveCfg = Release|Any CPU
		{5BC5E7CD-AB82-4FF9-88BA-723F927F9111}.Release|ARM.Build.0 = Release|Any CPU
		{5BC5E7CD-AB82-4FF9-88BA-723F927F9111}.Release|iPhone.ActiveCfg = Release|Any CPU
		{5BC5E7CD-AB82-4FF9-88BA-723F927F9111}.Release|iPhone.Build.0 = Release|Any CPU
		{5BC5E7CD-AB82-4FF9-88BA-723F927F9111}.Release|iPhoneSimulator.ActiveCfg = Release|Any CPU
		{5BC5E7CD-AB82-4FF9-88BA-723F927F9111}.Release|iPhoneSimulator.Build.0 = Release|Any CPU
		{5BC5E7CD-AB82-4FF9-88BA-723F927F9111}.Release|x64.ActiveCfg = Release|Any CPU
		{5BC5E7CD-AB82-4FF9-88BA-723F927F9111}.Release|x64.Build.0 = Release|Any CPU
		{5BC5E7CD-AB82-4FF9-88BA-723F927F9111}.Release|x86.ActiveCfg = Release|Any CPU
		{5BC5E7CD-AB82-4FF9-88BA-723F927F9111}.Release|x86.Build.0 = Release|Any CPU
	EndGlobalSection
	GlobalSection(SolutionProperties) = preSolution
		HideSolutionNode = FALSE
	EndGlobalSection
	GlobalSection(ExtensibilityGlobals) = postSolution
		SolutionGuid = {F9A0CC2E-8EDA-4C02-82C3-5F08DEA0D996}
	EndGlobalSection
EndGlobal
